
Microsoft Visual Studio Solution File, Format Version 12.00
# Visual Studio 15
VisualStudioVersion = 15.0.28307.106
MinimumVisualStudioVersion = 10.0.40219.1
Project("{FAE04EC0-301F-11D3-BF4B-00C04F79EFBC}") = "ElevenNote.WebMVC", "ElevenNote.WebMVC\ElevenNote.WebMVC.csproj", "{EBA92A23-3485-4D20-8519-D48C43BA0120}"
EndProject
Project("{FAE04EC0-301F-11D3-BF4B-00C04F79EFBC}") = "ElevenNote.Data", "ElevenNote.Data\ElevenNote.Data.csproj", "{388E5FB3-FB30-4FF1-92C6-047AE167D9F4}"
EndProject
Project("{FAE04EC0-301F-11D3-BF4B-00C04F79EFBC}") = "ElevenNote.Models", "ElevenNote.Models\ElevenNote.Models.csproj", "{FBD2F234-B97C-4415-837B-5BFD9350E9F7}"
EndProject
Project("{FAE04EC0-301F-11D3-BF4B-00C04F79EFBC}") = "ElevenNote.Contracts", "ElevenNote.Contracts\ElevenNote.Contracts.csproj", "{74702E91-2DEF-4480-BFCE-3318B1673167}"
EndProject
Project("{FAE04EC0-301F-11D3-BF4B-00C04F79EFBC}") = "ElevenNote.Services", "ElevenNote.Services\ElevenNote.Services.csproj", "{9F77B741-484B-415A-B95F-CF15E8A708BF}"
EndProject
Project("{FAE04EC0-301F-11D3-BF4B-00C04F79EFBC}") = "ElevenNote.Tests", "ElevenNote.Tests\ElevenNote.Tests.csproj", "{B52F2A41-7740-4595-9EE0-F26A3AB29CF7}"
EndProject
Project("{FAE04EC0-301F-11D3-BF4B-00C04F79EFBC}") = "ElevenNote.WebAPI", "ElevenNote.WebAPI\ElevenNote.WebAPI.csproj", "{280DA41F-0E16-4145-85C9-E34A3A2D29F7}"
EndProject
Global
	GlobalSection(SolutionConfigurationPlatforms) = preSolution
		Debug|Any CPU = Debug|Any CPU
		Release|Any CPU = Release|Any CPU
	EndGlobalSection
	GlobalSection(ProjectConfigurationPlatforms) = postSolution
		{EBA92A23-3485-4D20-8519-D48C43BA0120}.Debug|Any CPU.ActiveCfg = Debug|Any CPU
		{EBA92A23-3485-4D20-8519-D48C43BA0120}.Debug|Any CPU.Build.0 = Debug|Any CPU
		{EBA92A23-3485-4D20-8519-D48C43BA0120}.Release|Any CPU.ActiveCfg = Release|Any CPU
		{EBA92A23-3485-4D20-8519-D48C43BA0120}.Release|Any CPU.Build.0 = Release|Any CPU
		{388E5FB3-FB30-4FF1-92C6-047AE167D9F4}.Debug|Any CPU.ActiveCfg = Debug|Any CPU
		{388E5FB3-FB30-4FF1-92C6-047AE167D9F4}.Debug|Any CPU.Build.0 = Debug|Any CPU
		{388E5FB3-FB30-4FF1-92C6-047AE167D9F4}.Release|Any CPU.ActiveCfg = Release|Any CPU
		{388E5FB3-FB30-4FF1-92C6-047AE167D9F4}.Release|Any CPU.Build.0 = Release|Any CPU
		{FBD2F234-B97C-4415-837B-5BFD9350E9F7}.Debug|Any CPU.ActiveCfg = Debug|Any CPU
		{FBD2F234-B97C-4415-837B-5BFD9350E9F7}.Debug|Any CPU.Build.0 = Debug|Any CPU
		{FBD2F234-B97C-4415-837B-5BFD9350E9F7}.Release|Any CPU.ActiveCfg = Release|Any CPU
		{FBD2F234-B97C-4415-837B-5BFD9350E9F7}.Release|Any CPU.Build.0 = Release|Any CPU
		{74702E91-2DEF-4480-BFCE-3318B1673167}.Debug|Any CPU.ActiveCfg = Debug|Any CPU
		{74702E91-2DEF-4480-BFCE-3318B1673167}.Debug|Any CPU.Build.0 = Debug|Any CPU
		{74702E91-2DEF-4480-BFCE-3318B1673167}.Release|Any CPU.ActiveCfg = Release|Any CPU
		{74702E91-2DEF-4480-BFCE-3318B1673167}.Release|Any CPU.Build.0 = Release|Any CPU
		{9F77B741-484B-415A-B95F-CF15E8A708BF}.Debug|Any CPU.ActiveCfg = Debug|Any CPU
		{9F77B741-484B-415A-B95F-CF15E8A708BF}.Debug|Any CPU.Build.0 = Debug|Any CPU
		{9F77B741-484B-415A-B95F-CF15E8A708BF}.Release|Any CPU.ActiveCfg = Release|Any CPU
		{9F77B741-484B-415A-B95F-CF15E8A708BF}.Release|Any CPU.Build.0 = Release|Any CPU
		{B52F2A41-7740-4595-9EE0-F26A3AB29CF7}.Debug|Any CPU.ActiveCfg = Debug|Any CPU
		{B52F2A41-7740-4595-9EE0-F26A3AB29CF7}.Debug|Any CPU.Build.0 = Debug|Any CPU
		{B52F2A41-7740-4595-9EE0-F26A3AB29CF7}.Release|Any CPU.ActiveCfg = Release|Any CPU
		{B52F2A41-7740-4595-9EE0-F26A3AB29CF7}.Release|Any CPU.Build.0 = Release|Any CPU
		{280DA41F-0E16-4145-85C9-E34A3A2D29F7}.Debug|Any CPU.ActiveCfg = Debug|Any CPU
		{280DA41F-0E16-4145-85C9-E34A3A2D29F7}.Debug|Any CPU.Build.0 = Debug|Any CPU
		{280DA41F-0E16-4145-85C9-E34A3A2D29F7}.Release|Any CPU.ActiveCfg = Release|Any CPU
		{280DA41F-0E16-4145-85C9-E34A3A2D29F7}.Release|Any CPU.Build.0 = Release|Any CPU
	EndGlobalSection
	GlobalSection(SolutionProperties) = preSolution
		HideSolutionNode = FALSE
	EndGlobalSection
	GlobalSection(ExtensibilityGlobals) = postSolution
		SolutionGuid = {ACBA8290-7ADB-4989-BAC9-8408FC690C3D}
	EndGlobalSection
EndGlobal
