
Microsoft Visual Studio Solution File, Format Version 12.00
# Visual Studio 15
VisualStudioVersion = 15.0.28307.106
MinimumVisualStudioVersion = 10.0.40219.1
Project("{FAE04EC0-301F-11D3-BF4B-00C04F79EFBC}") = "ElevenNote.WebMVC", "ElevenNote.WebMVC\ElevenNote.WebMVC.csproj", "{EBA92A23-3485-4D20-8519-D48C43BA0120}"
EndProject
Global
	GlobalSection(SolutionConfigurationPlatforms) = preSolution
		Debug|Any CPU = Debug|Any CPU
		Release|Any CPU = Release|Any CPU
	EndGlobalSection
	GlobalSection(ProjectConfigurationPlatforms) = postSolution
		{EBA92A23-3485-4D20-8519-D48C43BA0120}.Debug|Any CPU.ActiveCfg = Debug|Any CPU
		{EBA92A23-3485-4D20-8519-D48C43BA0120}.Debug|Any CPU.Build.0 = Debug|Any CPU
		{EBA92A23-3485-4D20-8519-D48C43BA0120}.Release|Any CPU.ActiveCfg = Release|Any CPU
		{EBA92A23-3485-4D20-8519-D48C43BA0120}.Release|Any CPU.Build.0 = Release|Any CPU
	EndGlobalSection
	GlobalSection(SolutionProperties) = preSolution
		HideSolutionNode = FALSE
	EndGlobalSection
	GlobalSection(ExtensibilityGlobals) = postSolution
		SolutionGuid = {ACBA8290-7ADB-4989-BAC9-8408FC690C3D}
	EndGlobalSection
EndGlobal
